
Microsoft Visual Studio Solution File, Format Version 12.00
# Visual Studio 15
VisualStudioVersion = 15.0.27703.2047
MinimumVisualStudioVersion = 10.0.40219.1
Project("{2150E333-8FDC-42A3-9474-1A3956D46DE8}") = "MicroServices", "MicroServices", "{F4A0EC86-4B69-458A-8DAD-CCE0329332CD}"
EndProject
Project("{FAE04EC0-301F-11D3-BF4B-00C04F79EFBC}") = "VFS.MicroServices.MDM", "MicroServices\VFS.MicroServices.MDM\VFS.MicroServices.MDM.csproj", "{C5AD878F-5307-4A9F-8B68-B1CA3310F281}"
EndProject
Project("{2150E333-8FDC-42A3-9474-1A3956D46DE8}") = "UI", "UI", "{55BDB1A5-57E4-440A-A07B-589447472979}"
EndProject
Project("{FAE04EC0-301F-11D3-BF4B-00C04F79EFBC}") = "VFS.UI.MDM", "..\UI\VFS.UI.MDM\VFS.UI.MDM.csproj", "{7A025C95-46D8-4F5A-9E5C-5F80573EEAEB}"
EndProject
Global
	GlobalSection(SolutionConfigurationPlatforms) = preSolution
		Debug|Any CPU = Debug|Any CPU
		Release|Any CPU = Release|Any CPU
	EndGlobalSection
	GlobalSection(ProjectConfigurationPlatforms) = postSolution
		{C5AD878F-5307-4A9F-8B68-B1CA3310F281}.Debug|Any CPU.ActiveCfg = Debug|Any CPU
		{C5AD878F-5307-4A9F-8B68-B1CA3310F281}.Debug|Any CPU.Build.0 = Debug|Any CPU
		{C5AD878F-5307-4A9F-8B68-B1CA3310F281}.Release|Any CPU.ActiveCfg = Release|Any CPU
		{C5AD878F-5307-4A9F-8B68-B1CA3310F281}.Release|Any CPU.Build.0 = Release|Any CPU
		{7A025C95-46D8-4F5A-9E5C-5F80573EEAEB}.Debug|Any CPU.ActiveCfg = Debug|Any CPU
		{7A025C95-46D8-4F5A-9E5C-5F80573EEAEB}.Debug|Any CPU.Build.0 = Debug|Any CPU
		{7A025C95-46D8-4F5A-9E5C-5F80573EEAEB}.Release|Any CPU.ActiveCfg = Release|Any CPU
		{7A025C95-46D8-4F5A-9E5C-5F80573EEAEB}.Release|Any CPU.Build.0 = Release|Any CPU
	EndGlobalSection
	GlobalSection(SolutionProperties) = preSolution
		HideSolutionNode = FALSE
	EndGlobalSection
	GlobalSection(NestedProjects) = preSolution
		{C5AD878F-5307-4A9F-8B68-B1CA3310F281} = {F4A0EC86-4B69-458A-8DAD-CCE0329332CD}
		{7A025C95-46D8-4F5A-9E5C-5F80573EEAEB} = {55BDB1A5-57E4-440A-A07B-589447472979}
	EndGlobalSection
	GlobalSection(ExtensibilityGlobals) = postSolution
		SolutionGuid = {D450EC1A-C32F-4D19-818A-ADF251933A7B}
	EndGlobalSection
EndGlobal
